
Microsoft Visual Studio Solution File, Format Version 11.00
# Visual Studio 2010
Project("{2150E333-8FDC-42A3-9474-1A3956D46DE8}") = "Examples", "Examples", "{E042DAD1-A34D-4F6A-860C-D95C09DC5D5A}"
EndProject
Project("{FAE04EC0-301F-11D3-BF4B-00C04F79EFBC}") = "IL2JS_mscorlib", "mscorlib\IL2JS_mscorlib.csproj", "{DE0FAF1B-646B-4A06-9D19-9A0FA46453F3}"
EndProject
Project("{FAE04EC0-301F-11D3-BF4B-00C04F79EFBC}") = "IL2JS_JSTypes_silverlight", "JSTypes\IL2JS_JSTypes_silverlight.csproj", "{A831B585-1833-4EED-BD51-335D39AF87CC}"
EndProject
Project("{FAE04EC0-301F-11D3-BF4B-00C04F79EFBC}") = "IL2JS_Html", "Html\IL2JS_Html.csproj", "{8E912806-310E-47F2-8538-2833165F9DA7}"
EndProject
Project("{FAE04EC0-301F-11D3-BF4B-00C04F79EFBC}") = "IL2JS_JSTypes_wsh", "JSTypes\IL2JS_JSTypes_wsh.csproj", "{E216F71D-E14A-4831-BBD3-88D9007BB620}"
EndProject
Project("{FAE04EC0-301F-11D3-BF4B-00C04F79EFBC}") = "HelloBrowser", "Examples\HelloBrowser\HelloBrowser.csproj", "{9A48A976-38F3-43A2-B199-DA7DFC9695C4}"
EndProject
Project("{FAE04EC0-301F-11D3-BF4B-00C04F79EFBC}") = "IL2JS_SilverlightInterop", "SilverlightInterop\IL2JS_SilverlightInterop.csproj", "{7685B8C6-19CF-411B-AFF4-A8699D0ECA3A}"
EndProject
Project("{FAE04EC0-301F-11D3-BF4B-00C04F79EFBC}") = "IL2JS_WSHInterop", "WSHInterop\IL2JS_WSHInterop.csproj", "{177BE4CD-F73A-4798-BC4B-485DC7729D68}"
EndProject
Project("{FAE04EC0-301F-11D3-BF4B-00C04F79EFBC}") = "IL2JS_Xml", "Xml\IL2JS_Xml.csproj", "{CA489B70-0754-43F0-A728-92910B4117DC}"
EndProject
Project("{FAE04EC0-301F-11D3-BF4B-00C04F79EFBC}") = "IL2JS_System.Core", "System.Core\IL2JS_System.Core.csproj", "{B1B68136-17DA-45D0-B820-639A8B71DB2F}"
EndProject
Project("{FAE04EC0-301F-11D3-BF4B-00C04F79EFBC}") = "IL2JS_System", "System\IL2JS_System.csproj", "{4BF9DA85-37F5-48E9-B0C7-47A8A951E6F9}"
EndProject
Project("{FAE04EC0-301F-11D3-BF4B-00C04F79EFBC}") = "IL2JS_System.Windows", "System.Windows\IL2JS_System.Windows.csproj", "{1B286DAF-19E2-4A3C-A0C8-E88BD6DB7BBE}"
EndProject
Project("{FAE04EC0-301F-11D3-BF4B-00C04F79EFBC}") = "IL2JS_System.Net", "System.Net\IL2JS_System.Net.csproj", "{A10A17A5-6D0E-4100-8836-02B119EEF26F}"
EndProject
Global
	GlobalSection(SolutionConfigurationPlatforms) = preSolution
		Debug|Any CPU = Debug|Any CPU
		Debug|Collecting = Debug|Collecting
		Debug|Mixed Platforms = Debug|Mixed Platforms
		Debug|Plain = Debug|Plain
		Debug|Traced = Debug|Traced
		Release|Any CPU = Release|Any CPU
		Release|Collecting = Release|Collecting
		Release|Mixed Platforms = Release|Mixed Platforms
		Release|Plain = Release|Plain
		Release|Traced = Release|Traced
	EndGlobalSection
	GlobalSection(ProjectConfigurationPlatforms) = postSolution
		{DE0FAF1B-646B-4A06-9D19-9A0FA46453F3}.Debug|Any CPU.ActiveCfg = Debug|Any CPU
		{DE0FAF1B-646B-4A06-9D19-9A0FA46453F3}.Debug|Any CPU.Build.0 = Debug|Any CPU
		{DE0FAF1B-646B-4A06-9D19-9A0FA46453F3}.Debug|Collecting.ActiveCfg = Debug|Collecting
		{DE0FAF1B-646B-4A06-9D19-9A0FA46453F3}.Debug|Collecting.Build.0 = Debug|Collecting
		{DE0FAF1B-646B-4A06-9D19-9A0FA46453F3}.Debug|Mixed Platforms.ActiveCfg = Debug|Any CPU
		{DE0FAF1B-646B-4A06-9D19-9A0FA46453F3}.Debug|Mixed Platforms.Build.0 = Debug|Any CPU
		{DE0FAF1B-646B-4A06-9D19-9A0FA46453F3}.Debug|Plain.ActiveCfg = Debug|Plain
		{DE0FAF1B-646B-4A06-9D19-9A0FA46453F3}.Debug|Plain.Build.0 = Debug|Plain
		{DE0FAF1B-646B-4A06-9D19-9A0FA46453F3}.Debug|Traced.ActiveCfg = Debug|Traced
		{DE0FAF1B-646B-4A06-9D19-9A0FA46453F3}.Debug|Traced.Build.0 = Debug|Traced
		{DE0FAF1B-646B-4A06-9D19-9A0FA46453F3}.Release|Any CPU.ActiveCfg = Release|Any CPU
		{DE0FAF1B-646B-4A06-9D19-9A0FA46453F3}.Release|Any CPU.Build.0 = Release|Any CPU
		{DE0FAF1B-646B-4A06-9D19-9A0FA46453F3}.Release|Collecting.ActiveCfg = Release|Collecting
		{DE0FAF1B-646B-4A06-9D19-9A0FA46453F3}.Release|Collecting.Build.0 = Release|Collecting
		{DE0FAF1B-646B-4A06-9D19-9A0FA46453F3}.Release|Mixed Platforms.ActiveCfg = Release|Any CPU
		{DE0FAF1B-646B-4A06-9D19-9A0FA46453F3}.Release|Mixed Platforms.Build.0 = Release|Any CPU
		{DE0FAF1B-646B-4A06-9D19-9A0FA46453F3}.Release|Plain.ActiveCfg = Release|Plain
		{DE0FAF1B-646B-4A06-9D19-9A0FA46453F3}.Release|Plain.Build.0 = Release|Plain
		{DE0FAF1B-646B-4A06-9D19-9A0FA46453F3}.Release|Traced.ActiveCfg = Release|Traced
		{DE0FAF1B-646B-4A06-9D19-9A0FA46453F3}.Release|Traced.Build.0 = Release|Traced
		{A831B585-1833-4EED-BD51-335D39AF87CC}.Debug|Any CPU.ActiveCfg = Debug|Any CPU
		{A831B585-1833-4EED-BD51-335D39AF87CC}.Debug|Any CPU.Build.0 = Debug|Any CPU
		{A831B585-1833-4EED-BD51-335D39AF87CC}.Debug|Collecting.ActiveCfg = Debug|Collecting
		{A831B585-1833-4EED-BD51-335D39AF87CC}.Debug|Collecting.Build.0 = Debug|Collecting
		{A831B585-1833-4EED-BD51-335D39AF87CC}.Debug|Mixed Platforms.ActiveCfg = Debug|Any CPU
		{A831B585-1833-4EED-BD51-335D39AF87CC}.Debug|Mixed Platforms.Build.0 = Debug|Any CPU
		{A831B585-1833-4EED-BD51-335D39AF87CC}.Debug|Plain.ActiveCfg = Debug|Plain
		{A831B585-1833-4EED-BD51-335D39AF87CC}.Debug|Plain.Build.0 = Debug|Plain
		{A831B585-1833-4EED-BD51-335D39AF87CC}.Debug|Traced.ActiveCfg = Debug|Traced
		{A831B585-1833-4EED-BD51-335D39AF87CC}.Debug|Traced.Build.0 = Debug|Traced
		{A831B585-1833-4EED-BD51-335D39AF87CC}.Release|Any CPU.ActiveCfg = Release|Any CPU
		{A831B585-1833-4EED-BD51-335D39AF87CC}.Release|Any CPU.Build.0 = Release|Any CPU
		{A831B585-1833-4EED-BD51-335D39AF87CC}.Release|Collecting.ActiveCfg = Release|Collecting
		{A831B585-1833-4EED-BD51-335D39AF87CC}.Release|Collecting.Build.0 = Release|Collecting
		{A831B585-1833-4EED-BD51-335D39AF87CC}.Release|Mixed Platforms.ActiveCfg = Release|Any CPU
		{A831B585-1833-4EED-BD51-335D39AF87CC}.Release|Mixed Platforms.Build.0 = Release|Any CPU
		{A831B585-1833-4EED-BD51-335D39AF87CC}.Release|Plain.ActiveCfg = Release|Plain
		{A831B585-1833-4EED-BD51-335D39AF87CC}.Release|Plain.Build.0 = Release|Plain
		{A831B585-1833-4EED-BD51-335D39AF87CC}.Release|Traced.ActiveCfg = Release|Traced
		{A831B585-1833-4EED-BD51-335D39AF87CC}.Release|Traced.Build.0 = Release|Traced
		{8E912806-310E-47F2-8538-2833165F9DA7}.Debug|Any CPU.ActiveCfg = Debug|Traced
		{8E912806-310E-47F2-8538-2833165F9DA7}.Debug|Collecting.ActiveCfg = Debug|Collecting
		{8E912806-310E-47F2-8538-2833165F9DA7}.Debug|Collecting.Build.0 = Debug|Collecting
		{8E912806-310E-47F2-8538-2833165F9DA7}.Debug|Mixed Platforms.ActiveCfg = Debug|Traced
		{8E912806-310E-47F2-8538-2833165F9DA7}.Debug|Mixed Platforms.Build.0 = Debug|Traced
		{8E912806-310E-47F2-8538-2833165F9DA7}.Debug|Plain.ActiveCfg = Debug|Plain
		{8E912806-310E-47F2-8538-2833165F9DA7}.Debug|Plain.Build.0 = Debug|Plain
		{8E912806-310E-47F2-8538-2833165F9DA7}.Debug|Traced.ActiveCfg = Debug|Traced
		{8E912806-310E-47F2-8538-2833165F9DA7}.Debug|Traced.Build.0 = Debug|Traced
		{8E912806-310E-47F2-8538-2833165F9DA7}.Release|Any CPU.ActiveCfg = Release|Traced
		{8E912806-310E-47F2-8538-2833165F9DA7}.Release|Collecting.ActiveCfg = Release|Collecting
		{8E912806-310E-47F2-8538-2833165F9DA7}.Release|Collecting.Build.0 = Release|Collecting
		{8E912806-310E-47F2-8538-2833165F9DA7}.Release|Mixed Platforms.ActiveCfg = Release|Traced
		{8E912806-310E-47F2-8538-2833165F9DA7}.Release|Mixed Platforms.Build.0 = Release|Traced
		{8E912806-310E-47F2-8538-2833165F9DA7}.Release|Plain.ActiveCfg = Release|Plain
		{8E912806-310E-47F2-8538-2833165F9DA7}.Release|Plain.Build.0 = Release|Plain
		{8E912806-310E-47F2-8538-2833165F9DA7}.Release|Traced.ActiveCfg = Release|Traced
		{8E912806-310E-47F2-8538-2833165F9DA7}.Release|Traced.Build.0 = Release|Traced
		{E216F71D-E14A-4831-BBD3-88D9007BB620}.Debug|Any CPU.ActiveCfg = Debug|Any CPU
		{E216F71D-E14A-4831-BBD3-88D9007BB620}.Debug|Any CPU.Build.0 = Debug|Any CPU
		{E216F71D-E14A-4831-BBD3-88D9007BB620}.Debug|Collecting.ActiveCfg = Debug|Any CPU
		{E216F71D-E14A-4831-BBD3-88D9007BB620}.Debug|Collecting.Build.0 = Debug|Any CPU
		{E216F71D-E14A-4831-BBD3-88D9007BB620}.Debug|Mixed Platforms.ActiveCfg = Debug|Any CPU
		{E216F71D-E14A-4831-BBD3-88D9007BB620}.Debug|Mixed Platforms.Build.0 = Debug|Any CPU
		{E216F71D-E14A-4831-BBD3-88D9007BB620}.Debug|Plain.ActiveCfg = Debug|Any CPU
		{E216F71D-E14A-4831-BBD3-88D9007BB620}.Debug|Plain.Build.0 = Debug|Any CPU
		{E216F71D-E14A-4831-BBD3-88D9007BB620}.Debug|Traced.ActiveCfg = Debug|Any CPU
		{E216F71D-E14A-4831-BBD3-88D9007BB620}.Debug|Traced.Build.0 = Debug|Any CPU
		{E216F71D-E14A-4831-BBD3-88D9007BB620}.Release|Any CPU.ActiveCfg = Release|Any CPU
		{E216F71D-E14A-4831-BBD3-88D9007BB620}.Release|Any CPU.Build.0 = Release|Any CPU
		{E216F71D-E14A-4831-BBD3-88D9007BB620}.Release|Collecting.ActiveCfg = Release|Any CPU
		{E216F71D-E14A-4831-BBD3-88D9007BB620}.Release|Collecting.Build.0 = Release|Any CPU
		{E216F71D-E14A-4831-BBD3-88D9007BB620}.Release|Mixed Platforms.ActiveCfg = Release|Any CPU
		{E216F71D-E14A-4831-BBD3-88D9007BB620}.Release|Mixed Platforms.Build.0 = Release|Any CPU
		{E216F71D-E14A-4831-BBD3-88D9007BB620}.Release|Plain.ActiveCfg = Release|Any CPU
		{E216F71D-E14A-4831-BBD3-88D9007BB620}.Release|Plain.Build.0 = Release|Any CPU
		{E216F71D-E14A-4831-BBD3-88D9007BB620}.Release|Traced.ActiveCfg = Release|Any CPU
		{E216F71D-E14A-4831-BBD3-88D9007BB620}.Release|Traced.Build.0 = Release|Any CPU
		{9A48A976-38F3-43A2-B199-DA7DFC9695C4}.Debug|Any CPU.ActiveCfg = Debug|Collecting
		{9A48A976-38F3-43A2-B199-DA7DFC9695C4}.Debug|Collecting.ActiveCfg = Debug|Collecting
		{9A48A976-38F3-43A2-B199-DA7DFC9695C4}.Debug|Collecting.Build.0 = Debug|Collecting
		{9A48A976-38F3-43A2-B199-DA7DFC9695C4}.Debug|Mixed Platforms.ActiveCfg = Debug|Collecting
		{9A48A976-38F3-43A2-B199-DA7DFC9695C4}.Debug|Mixed Platforms.Build.0 = Debug|Collecting
		{9A48A976-38F3-43A2-B199-DA7DFC9695C4}.Debug|Plain.ActiveCfg = Debug|Plain
		{9A48A976-38F3-43A2-B199-DA7DFC9695C4}.Debug|Plain.Build.0 = Debug|Plain
		{9A48A976-38F3-43A2-B199-DA7DFC9695C4}.Debug|Traced.ActiveCfg = Debug|Traced
		{9A48A976-38F3-43A2-B199-DA7DFC9695C4}.Debug|Traced.Build.0 = Debug|Traced
		{9A48A976-38F3-43A2-B199-DA7DFC9695C4}.Release|Any CPU.ActiveCfg = Release|Collecting
		{9A48A976-38F3-43A2-B199-DA7DFC9695C4}.Release|Collecting.ActiveCfg = Release|Collecting
		{9A48A976-38F3-43A2-B199-DA7DFC9695C4}.Release|Collecting.Build.0 = Release|Collecting
		{9A48A976-38F3-43A2-B199-DA7DFC9695C4}.Release|Mixed Platforms.ActiveCfg = Release|Collecting
		{9A48A976-38F3-43A2-B199-DA7DFC9695C4}.Release|Mixed Platforms.Build.0 = Release|Collecting
		{9A48A976-38F3-43A2-B199-DA7DFC9695C4}.Release|Plain.ActiveCfg = Release|Plain
		{9A48A976-38F3-43A2-B199-DA7DFC9695C4}.Release|Plain.Build.0 = Release|Plain
		{9A48A976-38F3-43A2-B199-DA7DFC9695C4}.Release|Traced.ActiveCfg = Release|Traced
		{9A48A976-38F3-43A2-B199-DA7DFC9695C4}.Release|Traced.Build.0 = Release|Traced
		{7685B8C6-19CF-411B-AFF4-A8699D0ECA3A}.Debug|Any CPU.ActiveCfg = Debug|Any CPU
		{7685B8C6-19CF-411B-AFF4-A8699D0ECA3A}.Debug|Any CPU.Build.0 = Debug|Any CPU
		{7685B8C6-19CF-411B-AFF4-A8699D0ECA3A}.Debug|Collecting.ActiveCfg = Debug|Collecting
		{7685B8C6-19CF-411B-AFF4-A8699D0ECA3A}.Debug|Collecting.Build.0 = Debug|Collecting
		{7685B8C6-19CF-411B-AFF4-A8699D0ECA3A}.Debug|Mixed Platforms.ActiveCfg = Debug|Any CPU
		{7685B8C6-19CF-411B-AFF4-A8699D0ECA3A}.Debug|Mixed Platforms.Build.0 = Debug|Any CPU
		{7685B8C6-19CF-411B-AFF4-A8699D0ECA3A}.Debug|Plain.ActiveCfg = Debug|Plain
		{7685B8C6-19CF-411B-AFF4-A8699D0ECA3A}.Debug|Plain.Build.0 = Debug|Plain
		{7685B8C6-19CF-411B-AFF4-A8699D0ECA3A}.Debug|Traced.ActiveCfg = Debug|Traced
		{7685B8C6-19CF-411B-AFF4-A8699D0ECA3A}.Debug|Traced.Build.0 = Debug|Traced
		{7685B8C6-19CF-411B-AFF4-A8699D0ECA3A}.Release|Any CPU.ActiveCfg = Release|Any CPU
		{7685B8C6-19CF-411B-AFF4-A8699D0ECA3A}.Release|Any CPU.Build.0 = Release|Any CPU
		{7685B8C6-19CF-411B-AFF4-A8699D0ECA3A}.Release|Collecting.ActiveCfg = Release|Collecting
		{7685B8C6-19CF-411B-AFF4-A8699D0ECA3A}.Release|Collecting.Build.0 = Release|Collecting
		{7685B8C6-19CF-411B-AFF4-A8699D0ECA3A}.Release|Mixed Platforms.ActiveCfg = Release|Any CPU
		{7685B8C6-19CF-411B-AFF4-A8699D0ECA3A}.Release|Mixed Platforms.Build.0 = Release|Any CPU
		{7685B8C6-19CF-411B-AFF4-A8699D0ECA3A}.Release|Plain.ActiveCfg = Release|Plain
		{7685B8C6-19CF-411B-AFF4-A8699D0ECA3A}.Release|Plain.Build.0 = Release|Plain
		{7685B8C6-19CF-411B-AFF4-A8699D0ECA3A}.Release|Traced.ActiveCfg = Release|Traced
		{7685B8C6-19CF-411B-AFF4-A8699D0ECA3A}.Release|Traced.Build.0 = Release|Traced
		{177BE4CD-F73A-4798-BC4B-485DC7729D68}.Debug|Any CPU.ActiveCfg = Debug|Any CPU
		{177BE4CD-F73A-4798-BC4B-485DC7729D68}.Debug|Any CPU.Build.0 = Debug|Any CPU
		{177BE4CD-F73A-4798-BC4B-485DC7729D68}.Debug|Collecting.ActiveCfg = Debug|Any CPU
		{177BE4CD-F73A-4798-BC4B-485DC7729D68}.Debug|Collecting.Build.0 = Debug|Any CPU
		{177BE4CD-F73A-4798-BC4B-485DC7729D68}.Debug|Mixed Platforms.ActiveCfg = Debug|Any CPU
		{177BE4CD-F73A-4798-BC4B-485DC7729D68}.Debug|Mixed Platforms.Build.0 = Debug|Any CPU
		{177BE4CD-F73A-4798-BC4B-485DC7729D68}.Debug|Plain.ActiveCfg = Debug|Any CPU
		{177BE4CD-F73A-4798-BC4B-485DC7729D68}.Debug|Plain.Build.0 = Debug|Any CPU
		{177BE4CD-F73A-4798-BC4B-485DC7729D68}.Debug|Traced.ActiveCfg = Debug|Any CPU
		{177BE4CD-F73A-4798-BC4B-485DC7729D68}.Debug|Traced.Build.0 = Debug|Any CPU
		{177BE4CD-F73A-4798-BC4B-485DC7729D68}.Release|Any CPU.ActiveCfg = Release|Any CPU
		{177BE4CD-F73A-4798-BC4B-485DC7729D68}.Release|Any CPU.Build.0 = Release|Any CPU
		{177BE4CD-F73A-4798-BC4B-485DC7729D68}.Release|Collecting.ActiveCfg = Release|Any CPU
		{177BE4CD-F73A-4798-BC4B-485DC7729D68}.Release|Collecting.Build.0 = Release|Any CPU
		{177BE4CD-F73A-4798-BC4B-485DC7729D68}.Release|Mixed Platforms.ActiveCfg = Release|Any CPU
		{177BE4CD-F73A-4798-BC4B-485DC7729D68}.Release|Mixed Platforms.Build.0 = Release|Any CPU
		{177BE4CD-F73A-4798-BC4B-485DC7729D68}.Release|Plain.ActiveCfg = Release|Any CPU
		{177BE4CD-F73A-4798-BC4B-485DC7729D68}.Release|Plain.Build.0 = Release|Any CPU
		{177BE4CD-F73A-4798-BC4B-485DC7729D68}.Release|Traced.ActiveCfg = Release|Any CPU
		{177BE4CD-F73A-4798-BC4B-485DC7729D68}.Release|Traced.Build.0 = Release|Any CPU
		{CA489B70-0754-43F0-A728-92910B4117DC}.Debug|Any CPU.ActiveCfg = Debug|Traced
		{CA489B70-0754-43F0-A728-92910B4117DC}.Debug|Collecting.ActiveCfg = Debug|Collecting
		{CA489B70-0754-43F0-A728-92910B4117DC}.Debug|Collecting.Build.0 = Debug|Collecting
		{CA489B70-0754-43F0-A728-92910B4117DC}.Debug|Mixed Platforms.ActiveCfg = Debug|Traced
		{CA489B70-0754-43F0-A728-92910B4117DC}.Debug|Mixed Platforms.Build.0 = Debug|Traced
		{CA489B70-0754-43F0-A728-92910B4117DC}.Debug|Plain.ActiveCfg = Debug|Plain
		{CA489B70-0754-43F0-A728-92910B4117DC}.Debug|Plain.Build.0 = Debug|Plain
		{CA489B70-0754-43F0-A728-92910B4117DC}.Debug|Traced.ActiveCfg = Debug|Traced
		{CA489B70-0754-43F0-A728-92910B4117DC}.Debug|Traced.Build.0 = Debug|Traced
		{CA489B70-0754-43F0-A728-92910B4117DC}.Release|Any CPU.ActiveCfg = Release|Traced
		{CA489B70-0754-43F0-A728-92910B4117DC}.Release|Collecting.ActiveCfg = Release|Collecting
		{CA489B70-0754-43F0-A728-92910B4117DC}.Release|Collecting.Build.0 = Release|Collecting
		{CA489B70-0754-43F0-A728-92910B4117DC}.Release|Mixed Platforms.ActiveCfg = Release|Traced
		{CA489B70-0754-43F0-A728-92910B4117DC}.Release|Mixed Platforms.Build.0 = Release|Traced
		{CA489B70-0754-43F0-A728-92910B4117DC}.Release|Plain.ActiveCfg = Release|Plain
		{CA489B70-0754-43F0-A728-92910B4117DC}.Release|Plain.Build.0 = Release|Plain
		{CA489B70-0754-43F0-A728-92910B4117DC}.Release|Traced.ActiveCfg = Release|Traced
		{CA489B70-0754-43F0-A728-92910B4117DC}.Release|Traced.Build.0 = Release|Traced
		{B1B68136-17DA-45D0-B820-639A8B71DB2F}.Debug|Any CPU.ActiveCfg = Debug|Traced
		{B1B68136-17DA-45D0-B820-639A8B71DB2F}.Debug|Collecting.ActiveCfg = Debug|Collecting
		{B1B68136-17DA-45D0-B820-639A8B71DB2F}.Debug|Collecting.Build.0 = Debug|Collecting
		{B1B68136-17DA-45D0-B820-639A8B71DB2F}.Debug|Mixed Platforms.ActiveCfg = Debug|Traced
		{B1B68136-17DA-45D0-B820-639A8B71DB2F}.Debug|Mixed Platforms.Build.0 = Debug|Traced
		{B1B68136-17DA-45D0-B820-639A8B71DB2F}.Debug|Plain.ActiveCfg = Debug|Plain
		{B1B68136-17DA-45D0-B820-639A8B71DB2F}.Debug|Plain.Build.0 = Debug|Plain
		{B1B68136-17DA-45D0-B820-639A8B71DB2F}.Debug|Traced.ActiveCfg = Debug|Traced
		{B1B68136-17DA-45D0-B820-639A8B71DB2F}.Debug|Traced.Build.0 = Debug|Traced
		{B1B68136-17DA-45D0-B820-639A8B71DB2F}.Release|Any CPU.ActiveCfg = Release|Traced
		{B1B68136-17DA-45D0-B820-639A8B71DB2F}.Release|Collecting.ActiveCfg = Release|Collecting
		{B1B68136-17DA-45D0-B820-639A8B71DB2F}.Release|Collecting.Build.0 = Release|Collecting
		{B1B68136-17DA-45D0-B820-639A8B71DB2F}.Release|Mixed Platforms.ActiveCfg = Release|Traced
		{B1B68136-17DA-45D0-B820-639A8B71DB2F}.Release|Mixed Platforms.Build.0 = Release|Traced
		{B1B68136-17DA-45D0-B820-639A8B71DB2F}.Release|Plain.ActiveCfg = Release|Plain
		{B1B68136-17DA-45D0-B820-639A8B71DB2F}.Release|Plain.Build.0 = Release|Plain
		{B1B68136-17DA-45D0-B820-639A8B71DB2F}.Release|Traced.ActiveCfg = Release|Traced
		{B1B68136-17DA-45D0-B820-639A8B71DB2F}.Release|Traced.Build.0 = Release|Traced
		{4BF9DA85-37F5-48E9-B0C7-47A8A951E6F9}.Debug|Any CPU.ActiveCfg = Debug|Traced
		{4BF9DA85-37F5-48E9-B0C7-47A8A951E6F9}.Debug|Collecting.ActiveCfg = Debug|Collecting
		{4BF9DA85-37F5-48E9-B0C7-47A8A951E6F9}.Debug|Collecting.Build.0 = Debug|Collecting
		{4BF9DA85-37F5-48E9-B0C7-47A8A951E6F9}.Debug|Mixed Platforms.ActiveCfg = Debug|Traced
		{4BF9DA85-37F5-48E9-B0C7-47A8A951E6F9}.Debug|Mixed Platforms.Build.0 = Debug|Traced
		{4BF9DA85-37F5-48E9-B0C7-47A8A951E6F9}.Debug|Plain.ActiveCfg = Debug|Plain
		{4BF9DA85-37F5-48E9-B0C7-47A8A951E6F9}.Debug|Plain.Build.0 = Debug|Plain
		{4BF9DA85-37F5-48E9-B0C7-47A8A951E6F9}.Debug|Traced.ActiveCfg = Debug|Traced
		{4BF9DA85-37F5-48E9-B0C7-47A8A951E6F9}.Debug|Traced.Build.0 = Debug|Traced
		{4BF9DA85-37F5-48E9-B0C7-47A8A951E6F9}.Release|Any CPU.ActiveCfg = Release|Traced
		{4BF9DA85-37F5-48E9-B0C7-47A8A951E6F9}.Release|Collecting.ActiveCfg = Release|Collecting
		{4BF9DA85-37F5-48E9-B0C7-47A8A951E6F9}.Release|Collecting.Build.0 = Release|Collecting
		{4BF9DA85-37F5-48E9-B0C7-47A8A951E6F9}.Release|Mixed Platforms.ActiveCfg = Release|Traced
		{4BF9DA85-37F5-48E9-B0C7-47A8A951E6F9}.Release|Mixed Platforms.Build.0 = Release|Traced
		{4BF9DA85-37F5-48E9-B0C7-47A8A951E6F9}.Release|Plain.ActiveCfg = Release|Plain
		{4BF9DA85-37F5-48E9-B0C7-47A8A951E6F9}.Release|Plain.Build.0 = Release|Plain
		{4BF9DA85-37F5-48E9-B0C7-47A8A951E6F9}.Release|Traced.ActiveCfg = Release|Traced
		{4BF9DA85-37F5-48E9-B0C7-47A8A951E6F9}.Release|Traced.Build.0 = Release|Traced
		{1B286DAF-19E2-4A3C-A0C8-E88BD6DB7BBE}.Debug|Any CPU.ActiveCfg = Debug|Traced
		{1B286DAF-19E2-4A3C-A0C8-E88BD6DB7BBE}.Debug|Collecting.ActiveCfg = Debug|Collecting
		{1B286DAF-19E2-4A3C-A0C8-E88BD6DB7BBE}.Debug|Collecting.Build.0 = Debug|Collecting
		{1B286DAF-19E2-4A3C-A0C8-E88BD6DB7BBE}.Debug|Mixed Platforms.ActiveCfg = Debug|Traced
		{1B286DAF-19E2-4A3C-A0C8-E88BD6DB7BBE}.Debug|Mixed Platforms.Build.0 = Debug|Traced
		{1B286DAF-19E2-4A3C-A0C8-E88BD6DB7BBE}.Debug|Plain.ActiveCfg = Debug|Plain
		{1B286DAF-19E2-4A3C-A0C8-E88BD6DB7BBE}.Debug|Plain.Build.0 = Debug|Plain
		{1B286DAF-19E2-4A3C-A0C8-E88BD6DB7BBE}.Debug|Traced.ActiveCfg = Debug|Traced
		{1B286DAF-19E2-4A3C-A0C8-E88BD6DB7BBE}.Debug|Traced.Build.0 = Debug|Traced
		{1B286DAF-19E2-4A3C-A0C8-E88BD6DB7BBE}.Release|Any CPU.ActiveCfg = Release|Traced
		{1B286DAF-19E2-4A3C-A0C8-E88BD6DB7BBE}.Release|Collecting.ActiveCfg = Release|Collecting
		{1B286DAF-19E2-4A3C-A0C8-E88BD6DB7BBE}.Release|Collecting.Build.0 = Release|Collecting
		{1B286DAF-19E2-4A3C-A0C8-E88BD6DB7BBE}.Release|Mixed Platforms.ActiveCfg = Release|Traced
		{1B286DAF-19E2-4A3C-A0C8-E88BD6DB7BBE}.Release|Mixed Platforms.Build.0 = Release|Traced
		{1B286DAF-19E2-4A3C-A0C8-E88BD6DB7BBE}.Release|Plain.ActiveCfg = Release|Plain
		{1B286DAF-19E2-4A3C-A0C8-E88BD6DB7BBE}.Release|Plain.Build.0 = Release|Plain
		{1B286DAF-19E2-4A3C-A0C8-E88BD6DB7BBE}.Release|Traced.ActiveCfg = Release|Traced
		{1B286DAF-19E2-4A3C-A0C8-E88BD6DB7BBE}.Release|Traced.Build.0 = Release|Traced
		{A10A17A5-6D0E-4100-8836-02B119EEF26F}.Debug|Any CPU.ActiveCfg = Debug|Traced
		{A10A17A5-6D0E-4100-8836-02B119EEF26F}.Debug|Collecting.ActiveCfg = Debug|Collecting
		{A10A17A5-6D0E-4100-8836-02B119EEF26F}.Debug|Collecting.Build.0 = Debug|Collecting
		{A10A17A5-6D0E-4100-8836-02B119EEF26F}.Debug|Mixed Platforms.ActiveCfg = Debug|Traced
		{A10A17A5-6D0E-4100-8836-02B119EEF26F}.Debug|Mixed Platforms.Build.0 = Debug|Traced
		{A10A17A5-6D0E-4100-8836-02B119EEF26F}.Debug|Plain.ActiveCfg = Debug|Plain
		{A10A17A5-6D0E-4100-8836-02B119EEF26F}.Debug|Plain.Build.0 = Debug|Plain
		{A10A17A5-6D0E-4100-8836-02B119EEF26F}.Debug|Traced.ActiveCfg = Debug|Traced
		{A10A17A5-6D0E-4100-8836-02B119EEF26F}.Debug|Traced.Build.0 = Debug|Traced
		{A10A17A5-6D0E-4100-8836-02B119EEF26F}.Release|Any CPU.ActiveCfg = Release|Traced
		{A10A17A5-6D0E-4100-8836-02B119EEF26F}.Release|Collecting.ActiveCfg = Release|Collecting
		{A10A17A5-6D0E-4100-8836-02B119EEF26F}.Release|Collecting.Build.0 = Release|Collecting
		{A10A17A5-6D0E-4100-8836-02B119EEF26F}.Release|Mixed Platforms.ActiveCfg = Release|Traced
		{A10A17A5-6D0E-4100-8836-02B119EEF26F}.Release|Mixed Platforms.Build.0 = Release|Traced
		{A10A17A5-6D0E-4100-8836-02B119EEF26F}.Release|Plain.ActiveCfg = Release|Plain
		{A10A17A5-6D0E-4100-8836-02B119EEF26F}.Release|Plain.Build.0 = Release|Plain
		{A10A17A5-6D0E-4100-8836-02B119EEF26F}.Release|Traced.ActiveCfg = Release|Traced
		{A10A17A5-6D0E-4100-8836-02B119EEF26F}.Release|Traced.Build.0 = Release|Traced
	EndGlobalSection
	GlobalSection(SolutionProperties) = preSolution
		HideSolutionNode = FALSE
	EndGlobalSection
	GlobalSection(NestedProjects) = preSolution
		{9A48A976-38F3-43A2-B199-DA7DFC9695C4} = {E042DAD1-A34D-4F6A-860C-D95C09DC5D5A}
	EndGlobalSection
EndGlobal
