
Microsoft Visual Studio Solution File, Format Version 11.00
# Visual Studio 2010
Project("{FAE04EC0-301F-11D3-BF4B-00C04F79EFBC}") = "IL2JS_Compiler", "Compiler\IL2JS_Compiler.csproj", "{0E3C7AD6-362E-4D02-AF58-31C5F316B02E}"
EndProject
Project("{FAE04EC0-301F-11D3-BF4B-00C04F79EFBC}") = "IL2JS_JST", "JST\IL2JS_JST.csproj", "{58335FC4-595D-4988-BB37-85C29BBEECB9}"
EndProject
Project("{FAE04EC0-301F-11D3-BF4B-00C04F79EFBC}") = "IL2JS_Extras", "Extras\IL2JS_Extras.csproj", "{5F9EBDBF-D794-476D-B470-EF79863935E7}"
EndProject
Project("{FAE04EC0-301F-11D3-BF4B-00C04F79EFBC}") = "IL2JS_CST", "CST\IL2JS_CST.csproj", "{833900C2-905F-467B-AB2A-A1F441C322F8}"
EndProject
Project("{FAE04EC0-301F-11D3-BF4B-00C04F79EFBC}") = "IL2JS_PE", "PE\IL2JS_PE.csproj", "{4CF5414B-89A5-4BC0-9326-23780DE679F6}"
EndProject
Project("{FAE04EC0-301F-11D3-BF4B-00C04F79EFBC}") = "IL2JS_JSV", "JSV\IL2JS_JSV.csproj", "{63BAB580-19BA-4C5B-890D-57E78E570607}"
EndProject
Project("{FAE04EC0-301F-11D3-BF4B-00C04F79EFBC}") = "IL2JS_Rewriter", "Rewriter\IL2JS_Rewriter.csproj", "{327A38CC-CCF7-4185-90EB-85C389FB4EC0}"
EndProject
Project("{FAE04EC0-301F-11D3-BF4B-00C04F79EFBC}") = "IL2JS_MSBuild", "MSBuild\IL2JS_MSBuild.csproj", "{170C0FFA-FCBF-453A-9F8E-D09C94BCA7F2}"
EndProject
Project("{FAE04EC0-301F-11D3-BF4B-00C04F79EFBC}") = "IL2JS_StartPage", "StartPage\IL2JS_StartPage.csproj", "{44A3E103-D32D-4746-8B39-41C02AA4CAFB}"
EndProject
Project("{FAE04EC0-301F-11D3-BF4B-00C04F79EFBC}") = "CCI2_PdbReader", "CCI2\PdbReader\CCI2_PdbReader.csproj", "{A6A31B03-7C3D-4DE6-AA73-BE88116BC40A}"
EndProject
Project("{2150E333-8FDC-42A3-9474-1A3956D46DE8}") = "CCI2", "CCI2", "{D9B67FB7-12EE-45A9-B432-5D301BBC60E1}"
EndProject
Project("{FAE04EC0-301F-11D3-BF4B-00C04F79EFBC}") = "CCI2_PeWriter", "CCI2\PeWriter\CCI2_PeWriter.csproj", "{304A8B0B-851B-4AA6-A17D-5F87F39C5E5C}"
EndProject
Project("{FAE04EC0-301F-11D3-BF4B-00C04F79EFBC}") = "CCI2_PdbWriter", "CCI2\PdbWriter\CCI2_PdbWriter.csproj", "{6D83F687-ABB5-40B3-915E-CA53DA0EB7F3}"
EndProject
Project("{FAE04EC0-301F-11D3-BF4B-00C04F79EFBC}") = "CCI2_PeReader", "CCI2\PeReader\CCI2_PeReader.csproj", "{34B9A0CE-DF18-4CBC-8F7A-90C2B74338D5}"
EndProject
Project("{FAE04EC0-301F-11D3-BF4B-00C04F79EFBC}") = "CCI2_MetadataHelper", "CCI2\MetadataHelper\CCI2_MetadataHelper.csproj", "{4A34A3C5-6176-49D7-A4C5-B2B671247F8F}"
EndProject
Project("{FAE04EC0-301F-11D3-BF4B-00C04F79EFBC}") = "CCI2_MetadataModel", "CCI2\MetadataModel\CCI2_MetadataModel.csproj", "{33CAB640-0D03-43DF-81BD-22CDC6C0A597}"
EndProject
Project("{FAE04EC0-301F-11D3-BF4B-00C04F79EFBC}") = "CCI2_MutableMetadataModel", "CCI2\MutableMetadataModel\CCI2_MutableMetadataModel.csproj", "{319E151C-8F33-49E7-81C9-30F02F9BA90A}"
EndProject
Project("{FAE04EC0-301F-11D3-BF4B-00C04F79EFBC}") = "CCI2_SourceModel", "CCI2\SourceModel\CCI2_SourceModel.csproj", "{4B0054FD-124A-4037-9965-BDB55E6BF389}"
EndProject
Project("{FAE04EC0-301F-11D3-BF4B-00C04F79EFBC}") = "CCI2_ILGenerator", "CCI2\ILGenerator\CCI2_ILGenerator.csproj", "{08156C78-403A-4112-AD81-8646AC51CD2F}"
EndProject
Project("{2150E333-8FDC-42A3-9474-1A3956D46DE8}") = "CCI", "CCI", "{6E4A3047-0324-41BB-8AF6-7B0288C44ACA}"
EndProject
Project("{FAE04EC0-301F-11D3-BF4B-00C04F79EFBC}") = "IL2JS_CCI", "CCI\IL2JS_CCI.csproj", "{BFC43B0B-E1AC-417E-B0FC-1FE1F750A67A}"
EndProject
Global
	GlobalSection(SolutionConfigurationPlatforms) = preSolution
		CompilerOnly|Any CPU = CompilerOnly|Any CPU
		Debug|Any CPU = Debug|Any CPU
		NightlyDebug|Any CPU = NightlyDebug|Any CPU
		NightlyRelease|Any CPU = NightlyRelease|Any CPU
		Release|Any CPU = Release|Any CPU
	EndGlobalSection
	GlobalSection(ProjectConfigurationPlatforms) = postSolution
		{0E3C7AD6-362E-4D02-AF58-31C5F316B02E}.CompilerOnly|Any CPU.ActiveCfg = Release|Any CPU
		{0E3C7AD6-362E-4D02-AF58-31C5F316B02E}.CompilerOnly|Any CPU.Build.0 = Release|Any CPU
		{0E3C7AD6-362E-4D02-AF58-31C5F316B02E}.Debug|Any CPU.ActiveCfg = Debug|Any CPU
		{0E3C7AD6-362E-4D02-AF58-31C5F316B02E}.Debug|Any CPU.Build.0 = Debug|Any CPU
		{0E3C7AD6-362E-4D02-AF58-31C5F316B02E}.NightlyDebug|Any CPU.ActiveCfg = Debug|Any CPU
		{0E3C7AD6-362E-4D02-AF58-31C5F316B02E}.NightlyDebug|Any CPU.Build.0 = Debug|Any CPU
		{0E3C7AD6-362E-4D02-AF58-31C5F316B02E}.NightlyRelease|Any CPU.ActiveCfg = Release|Any CPU
		{0E3C7AD6-362E-4D02-AF58-31C5F316B02E}.NightlyRelease|Any CPU.Build.0 = Release|Any CPU
		{0E3C7AD6-362E-4D02-AF58-31C5F316B02E}.Release|Any CPU.ActiveCfg = Release|Any CPU
		{0E3C7AD6-362E-4D02-AF58-31C5F316B02E}.Release|Any CPU.Build.0 = Release|Any CPU
		{58335FC4-595D-4988-BB37-85C29BBEECB9}.CompilerOnly|Any CPU.ActiveCfg = Release|Any CPU
		{58335FC4-595D-4988-BB37-85C29BBEECB9}.CompilerOnly|Any CPU.Build.0 = Release|Any CPU
		{58335FC4-595D-4988-BB37-85C29BBEECB9}.Debug|Any CPU.ActiveCfg = Debug|Any CPU
		{58335FC4-595D-4988-BB37-85C29BBEECB9}.Debug|Any CPU.Build.0 = Debug|Any CPU
		{58335FC4-595D-4988-BB37-85C29BBEECB9}.NightlyDebug|Any CPU.ActiveCfg = Debug|Any CPU
		{58335FC4-595D-4988-BB37-85C29BBEECB9}.NightlyDebug|Any CPU.Build.0 = Debug|Any CPU
		{58335FC4-595D-4988-BB37-85C29BBEECB9}.NightlyRelease|Any CPU.ActiveCfg = Release|Any CPU
		{58335FC4-595D-4988-BB37-85C29BBEECB9}.NightlyRelease|Any CPU.Build.0 = Release|Any CPU
		{58335FC4-595D-4988-BB37-85C29BBEECB9}.Release|Any CPU.ActiveCfg = Release|Any CPU
		{58335FC4-595D-4988-BB37-85C29BBEECB9}.Release|Any CPU.Build.0 = Release|Any CPU
		{5F9EBDBF-D794-476D-B470-EF79863935E7}.CompilerOnly|Any CPU.ActiveCfg = Release|Any CPU
		{5F9EBDBF-D794-476D-B470-EF79863935E7}.CompilerOnly|Any CPU.Build.0 = Release|Any CPU
		{5F9EBDBF-D794-476D-B470-EF79863935E7}.Debug|Any CPU.ActiveCfg = Debug|Any CPU
		{5F9EBDBF-D794-476D-B470-EF79863935E7}.Debug|Any CPU.Build.0 = Debug|Any CPU
		{5F9EBDBF-D794-476D-B470-EF79863935E7}.NightlyDebug|Any CPU.ActiveCfg = Debug|Any CPU
		{5F9EBDBF-D794-476D-B470-EF79863935E7}.NightlyDebug|Any CPU.Build.0 = Debug|Any CPU
		{5F9EBDBF-D794-476D-B470-EF79863935E7}.NightlyRelease|Any CPU.ActiveCfg = Release|Any CPU
		{5F9EBDBF-D794-476D-B470-EF79863935E7}.NightlyRelease|Any CPU.Build.0 = Release|Any CPU
		{5F9EBDBF-D794-476D-B470-EF79863935E7}.Release|Any CPU.ActiveCfg = Release|Any CPU
		{5F9EBDBF-D794-476D-B470-EF79863935E7}.Release|Any CPU.Build.0 = Release|Any CPU
		{833900C2-905F-467B-AB2A-A1F441C322F8}.CompilerOnly|Any CPU.ActiveCfg = Release|Any CPU
		{833900C2-905F-467B-AB2A-A1F441C322F8}.CompilerOnly|Any CPU.Build.0 = Release|Any CPU
		{833900C2-905F-467B-AB2A-A1F441C322F8}.Debug|Any CPU.ActiveCfg = Debug|Any CPU
		{833900C2-905F-467B-AB2A-A1F441C322F8}.Debug|Any CPU.Build.0 = Debug|Any CPU
		{833900C2-905F-467B-AB2A-A1F441C322F8}.NightlyDebug|Any CPU.ActiveCfg = Debug|Any CPU
		{833900C2-905F-467B-AB2A-A1F441C322F8}.NightlyDebug|Any CPU.Build.0 = Debug|Any CPU
		{833900C2-905F-467B-AB2A-A1F441C322F8}.NightlyRelease|Any CPU.ActiveCfg = Release|Any CPU
		{833900C2-905F-467B-AB2A-A1F441C322F8}.NightlyRelease|Any CPU.Build.0 = Release|Any CPU
		{833900C2-905F-467B-AB2A-A1F441C322F8}.Release|Any CPU.ActiveCfg = Release|Any CPU
		{833900C2-905F-467B-AB2A-A1F441C322F8}.Release|Any CPU.Build.0 = Release|Any CPU
		{4CF5414B-89A5-4BC0-9326-23780DE679F6}.CompilerOnly|Any CPU.ActiveCfg = Release|Any CPU
		{4CF5414B-89A5-4BC0-9326-23780DE679F6}.CompilerOnly|Any CPU.Build.0 = Release|Any CPU
		{4CF5414B-89A5-4BC0-9326-23780DE679F6}.Debug|Any CPU.ActiveCfg = Debug|Any CPU
		{4CF5414B-89A5-4BC0-9326-23780DE679F6}.Debug|Any CPU.Build.0 = Debug|Any CPU
		{4CF5414B-89A5-4BC0-9326-23780DE679F6}.NightlyDebug|Any CPU.ActiveCfg = Debug|Any CPU
		{4CF5414B-89A5-4BC0-9326-23780DE679F6}.NightlyDebug|Any CPU.Build.0 = Debug|Any CPU
		{4CF5414B-89A5-4BC0-9326-23780DE679F6}.NightlyRelease|Any CPU.ActiveCfg = Release|Any CPU
		{4CF5414B-89A5-4BC0-9326-23780DE679F6}.NightlyRelease|Any CPU.Build.0 = Release|Any CPU
		{4CF5414B-89A5-4BC0-9326-23780DE679F6}.Release|Any CPU.ActiveCfg = Release|Any CPU
		{4CF5414B-89A5-4BC0-9326-23780DE679F6}.Release|Any CPU.Build.0 = Release|Any CPU
		{63BAB580-19BA-4C5B-890D-57E78E570607}.CompilerOnly|Any CPU.ActiveCfg = Release|Any CPU
		{63BAB580-19BA-4C5B-890D-57E78E570607}.CompilerOnly|Any CPU.Build.0 = Release|Any CPU
		{63BAB580-19BA-4C5B-890D-57E78E570607}.Debug|Any CPU.ActiveCfg = Debug|Any CPU
		{63BAB580-19BA-4C5B-890D-57E78E570607}.Debug|Any CPU.Build.0 = Debug|Any CPU
		{63BAB580-19BA-4C5B-890D-57E78E570607}.NightlyDebug|Any CPU.ActiveCfg = Debug|Any CPU
		{63BAB580-19BA-4C5B-890D-57E78E570607}.NightlyDebug|Any CPU.Build.0 = Debug|Any CPU
		{63BAB580-19BA-4C5B-890D-57E78E570607}.NightlyRelease|Any CPU.ActiveCfg = Release|Any CPU
		{63BAB580-19BA-4C5B-890D-57E78E570607}.NightlyRelease|Any CPU.Build.0 = Release|Any CPU
		{63BAB580-19BA-4C5B-890D-57E78E570607}.Release|Any CPU.ActiveCfg = Release|Any CPU
		{63BAB580-19BA-4C5B-890D-57E78E570607}.Release|Any CPU.Build.0 = Release|Any CPU
		{327A38CC-CCF7-4185-90EB-85C389FB4EC0}.CompilerOnly|Any CPU.ActiveCfg = Release|Any CPU
		{327A38CC-CCF7-4185-90EB-85C389FB4EC0}.CompilerOnly|Any CPU.Build.0 = Release|Any CPU
		{327A38CC-CCF7-4185-90EB-85C389FB4EC0}.Debug|Any CPU.ActiveCfg = Debug|Any CPU
		{327A38CC-CCF7-4185-90EB-85C389FB4EC0}.Debug|Any CPU.Build.0 = Debug|Any CPU
		{327A38CC-CCF7-4185-90EB-85C389FB4EC0}.NightlyDebug|Any CPU.ActiveCfg = Debug|Any CPU
		{327A38CC-CCF7-4185-90EB-85C389FB4EC0}.NightlyDebug|Any CPU.Build.0 = Debug|Any CPU
		{327A38CC-CCF7-4185-90EB-85C389FB4EC0}.NightlyRelease|Any CPU.ActiveCfg = Release|Any CPU
		{327A38CC-CCF7-4185-90EB-85C389FB4EC0}.NightlyRelease|Any CPU.Build.0 = Release|Any CPU
		{327A38CC-CCF7-4185-90EB-85C389FB4EC0}.Release|Any CPU.ActiveCfg = Release|Any CPU
		{327A38CC-CCF7-4185-90EB-85C389FB4EC0}.Release|Any CPU.Build.0 = Release|Any CPU
		{170C0FFA-FCBF-453A-9F8E-D09C94BCA7F2}.CompilerOnly|Any CPU.ActiveCfg = Release|Any CPU
		{170C0FFA-FCBF-453A-9F8E-D09C94BCA7F2}.CompilerOnly|Any CPU.Build.0 = Release|Any CPU
		{170C0FFA-FCBF-453A-9F8E-D09C94BCA7F2}.Debug|Any CPU.ActiveCfg = Debug|Any CPU
		{170C0FFA-FCBF-453A-9F8E-D09C94BCA7F2}.Debug|Any CPU.Build.0 = Debug|Any CPU
		{170C0FFA-FCBF-453A-9F8E-D09C94BCA7F2}.NightlyDebug|Any CPU.ActiveCfg = Debug|Any CPU
		{170C0FFA-FCBF-453A-9F8E-D09C94BCA7F2}.NightlyDebug|Any CPU.Build.0 = Debug|Any CPU
		{170C0FFA-FCBF-453A-9F8E-D09C94BCA7F2}.NightlyRelease|Any CPU.ActiveCfg = Release|Any CPU
		{170C0FFA-FCBF-453A-9F8E-D09C94BCA7F2}.NightlyRelease|Any CPU.Build.0 = Release|Any CPU
		{170C0FFA-FCBF-453A-9F8E-D09C94BCA7F2}.Release|Any CPU.ActiveCfg = Release|Any CPU
		{170C0FFA-FCBF-453A-9F8E-D09C94BCA7F2}.Release|Any CPU.Build.0 = Release|Any CPU
		{44A3E103-D32D-4746-8B39-41C02AA4CAFB}.CompilerOnly|Any CPU.ActiveCfg = Release|Any CPU
		{44A3E103-D32D-4746-8B39-41C02AA4CAFB}.CompilerOnly|Any CPU.Build.0 = Release|Any CPU
		{44A3E103-D32D-4746-8B39-41C02AA4CAFB}.Debug|Any CPU.ActiveCfg = Debug|Any CPU
		{44A3E103-D32D-4746-8B39-41C02AA4CAFB}.Debug|Any CPU.Build.0 = Debug|Any CPU
		{44A3E103-D32D-4746-8B39-41C02AA4CAFB}.NightlyDebug|Any CPU.ActiveCfg = Debug|Any CPU
		{44A3E103-D32D-4746-8B39-41C02AA4CAFB}.NightlyDebug|Any CPU.Build.0 = Debug|Any CPU
		{44A3E103-D32D-4746-8B39-41C02AA4CAFB}.NightlyRelease|Any CPU.ActiveCfg = Release|Any CPU
		{44A3E103-D32D-4746-8B39-41C02AA4CAFB}.NightlyRelease|Any CPU.Build.0 = Release|Any CPU
		{44A3E103-D32D-4746-8B39-41C02AA4CAFB}.Release|Any CPU.ActiveCfg = Release|Any CPU
		{44A3E103-D32D-4746-8B39-41C02AA4CAFB}.Release|Any CPU.Build.0 = Release|Any CPU
		{A6A31B03-7C3D-4DE6-AA73-BE88116BC40A}.CompilerOnly|Any CPU.ActiveCfg = Release|Any CPU
		{A6A31B03-7C3D-4DE6-AA73-BE88116BC40A}.CompilerOnly|Any CPU.Build.0 = Release|Any CPU
		{A6A31B03-7C3D-4DE6-AA73-BE88116BC40A}.Debug|Any CPU.ActiveCfg = Debug|Any CPU
		{A6A31B03-7C3D-4DE6-AA73-BE88116BC40A}.Debug|Any CPU.Build.0 = Debug|Any CPU
		{A6A31B03-7C3D-4DE6-AA73-BE88116BC40A}.NightlyDebug|Any CPU.ActiveCfg = Debug|Any CPU
		{A6A31B03-7C3D-4DE6-AA73-BE88116BC40A}.NightlyDebug|Any CPU.Build.0 = Debug|Any CPU
		{A6A31B03-7C3D-4DE6-AA73-BE88116BC40A}.NightlyRelease|Any CPU.ActiveCfg = Release|Any CPU
		{A6A31B03-7C3D-4DE6-AA73-BE88116BC40A}.NightlyRelease|Any CPU.Build.0 = Release|Any CPU
		{A6A31B03-7C3D-4DE6-AA73-BE88116BC40A}.Release|Any CPU.ActiveCfg = Release|Any CPU
		{A6A31B03-7C3D-4DE6-AA73-BE88116BC40A}.Release|Any CPU.Build.0 = Release|Any CPU
		{304A8B0B-851B-4AA6-A17D-5F87F39C5E5C}.CompilerOnly|Any CPU.ActiveCfg = Release|Any CPU
		{304A8B0B-851B-4AA6-A17D-5F87F39C5E5C}.CompilerOnly|Any CPU.Build.0 = Release|Any CPU
		{304A8B0B-851B-4AA6-A17D-5F87F39C5E5C}.Debug|Any CPU.ActiveCfg = Debug|Any CPU
		{304A8B0B-851B-4AA6-A17D-5F87F39C5E5C}.Debug|Any CPU.Build.0 = Debug|Any CPU
		{304A8B0B-851B-4AA6-A17D-5F87F39C5E5C}.NightlyDebug|Any CPU.ActiveCfg = Debug|Any CPU
		{304A8B0B-851B-4AA6-A17D-5F87F39C5E5C}.NightlyDebug|Any CPU.Build.0 = Debug|Any CPU
		{304A8B0B-851B-4AA6-A17D-5F87F39C5E5C}.NightlyRelease|Any CPU.ActiveCfg = Release|Any CPU
		{304A8B0B-851B-4AA6-A17D-5F87F39C5E5C}.NightlyRelease|Any CPU.Build.0 = Release|Any CPU
		{304A8B0B-851B-4AA6-A17D-5F87F39C5E5C}.Release|Any CPU.ActiveCfg = Release|Any CPU
		{304A8B0B-851B-4AA6-A17D-5F87F39C5E5C}.Release|Any CPU.Build.0 = Release|Any CPU
		{6D83F687-ABB5-40B3-915E-CA53DA0EB7F3}.CompilerOnly|Any CPU.ActiveCfg = Release|Any CPU
		{6D83F687-ABB5-40B3-915E-CA53DA0EB7F3}.CompilerOnly|Any CPU.Build.0 = Release|Any CPU
		{6D83F687-ABB5-40B3-915E-CA53DA0EB7F3}.Debug|Any CPU.ActiveCfg = Debug|Any CPU
		{6D83F687-ABB5-40B3-915E-CA53DA0EB7F3}.Debug|Any CPU.Build.0 = Debug|Any CPU
		{6D83F687-ABB5-40B3-915E-CA53DA0EB7F3}.NightlyDebug|Any CPU.ActiveCfg = Debug|Any CPU
		{6D83F687-ABB5-40B3-915E-CA53DA0EB7F3}.NightlyDebug|Any CPU.Build.0 = Debug|Any CPU
		{6D83F687-ABB5-40B3-915E-CA53DA0EB7F3}.NightlyRelease|Any CPU.ActiveCfg = Release|Any CPU
		{6D83F687-ABB5-40B3-915E-CA53DA0EB7F3}.NightlyRelease|Any CPU.Build.0 = Release|Any CPU
		{6D83F687-ABB5-40B3-915E-CA53DA0EB7F3}.Release|Any CPU.ActiveCfg = Release|Any CPU
		{6D83F687-ABB5-40B3-915E-CA53DA0EB7F3}.Release|Any CPU.Build.0 = Release|Any CPU
		{34B9A0CE-DF18-4CBC-8F7A-90C2B74338D5}.CompilerOnly|Any CPU.ActiveCfg = CompilerOnly|Any CPU
		{34B9A0CE-DF18-4CBC-8F7A-90C2B74338D5}.CompilerOnly|Any CPU.Build.0 = CompilerOnly|Any CPU
		{34B9A0CE-DF18-4CBC-8F7A-90C2B74338D5}.Debug|Any CPU.ActiveCfg = Debug|Any CPU
		{34B9A0CE-DF18-4CBC-8F7A-90C2B74338D5}.Debug|Any CPU.Build.0 = Debug|Any CPU
		{34B9A0CE-DF18-4CBC-8F7A-90C2B74338D5}.NightlyDebug|Any CPU.ActiveCfg = Debug|Any CPU
		{34B9A0CE-DF18-4CBC-8F7A-90C2B74338D5}.NightlyDebug|Any CPU.Build.0 = Debug|Any CPU
		{34B9A0CE-DF18-4CBC-8F7A-90C2B74338D5}.NightlyRelease|Any CPU.ActiveCfg = Release|Any CPU
		{34B9A0CE-DF18-4CBC-8F7A-90C2B74338D5}.NightlyRelease|Any CPU.Build.0 = Release|Any CPU
		{34B9A0CE-DF18-4CBC-8F7A-90C2B74338D5}.Release|Any CPU.ActiveCfg = Release|Any CPU
		{34B9A0CE-DF18-4CBC-8F7A-90C2B74338D5}.Release|Any CPU.Build.0 = Release|Any CPU
		{4A34A3C5-6176-49D7-A4C5-B2B671247F8F}.CompilerOnly|Any CPU.ActiveCfg = CompilerOnly|Any CPU
		{4A34A3C5-6176-49D7-A4C5-B2B671247F8F}.CompilerOnly|Any CPU.Build.0 = CompilerOnly|Any CPU
		{4A34A3C5-6176-49D7-A4C5-B2B671247F8F}.Debug|Any CPU.ActiveCfg = Debug|Any CPU
		{4A34A3C5-6176-49D7-A4C5-B2B671247F8F}.Debug|Any CPU.Build.0 = Debug|Any CPU
		{4A34A3C5-6176-49D7-A4C5-B2B671247F8F}.NightlyDebug|Any CPU.ActiveCfg = NightlyDebug|Any CPU
		{4A34A3C5-6176-49D7-A4C5-B2B671247F8F}.NightlyDebug|Any CPU.Build.0 = NightlyDebug|Any CPU
		{4A34A3C5-6176-49D7-A4C5-B2B671247F8F}.NightlyRelease|Any CPU.ActiveCfg = NightlyRelease|Any CPU
		{4A34A3C5-6176-49D7-A4C5-B2B671247F8F}.NightlyRelease|Any CPU.Build.0 = NightlyRelease|Any CPU
		{4A34A3C5-6176-49D7-A4C5-B2B671247F8F}.Release|Any CPU.ActiveCfg = Release|Any CPU
		{4A34A3C5-6176-49D7-A4C5-B2B671247F8F}.Release|Any CPU.Build.0 = Release|Any CPU
		{33CAB640-0D03-43DF-81BD-22CDC6C0A597}.CompilerOnly|Any CPU.ActiveCfg = CompilerOnly|Any CPU
		{33CAB640-0D03-43DF-81BD-22CDC6C0A597}.CompilerOnly|Any CPU.Build.0 = CompilerOnly|Any CPU
		{33CAB640-0D03-43DF-81BD-22CDC6C0A597}.Debug|Any CPU.ActiveCfg = Debug|Any CPU
		{33CAB640-0D03-43DF-81BD-22CDC6C0A597}.Debug|Any CPU.Build.0 = Debug|Any CPU
		{33CAB640-0D03-43DF-81BD-22CDC6C0A597}.NightlyDebug|Any CPU.ActiveCfg = NightlyDebug|Any CPU
		{33CAB640-0D03-43DF-81BD-22CDC6C0A597}.NightlyDebug|Any CPU.Build.0 = NightlyDebug|Any CPU
		{33CAB640-0D03-43DF-81BD-22CDC6C0A597}.NightlyRelease|Any CPU.ActiveCfg = NightlyRelease|Any CPU
		{33CAB640-0D03-43DF-81BD-22CDC6C0A597}.NightlyRelease|Any CPU.Build.0 = NightlyRelease|Any CPU
		{33CAB640-0D03-43DF-81BD-22CDC6C0A597}.Release|Any CPU.ActiveCfg = Release|Any CPU
		{33CAB640-0D03-43DF-81BD-22CDC6C0A597}.Release|Any CPU.Build.0 = Release|Any CPU
		{319E151C-8F33-49E7-81C9-30F02F9BA90A}.CompilerOnly|Any CPU.ActiveCfg = CompilerOnly|Any CPU
		{319E151C-8F33-49E7-81C9-30F02F9BA90A}.CompilerOnly|Any CPU.Build.0 = CompilerOnly|Any CPU
		{319E151C-8F33-49E7-81C9-30F02F9BA90A}.Debug|Any CPU.ActiveCfg = Debug|Any CPU
		{319E151C-8F33-49E7-81C9-30F02F9BA90A}.Debug|Any CPU.Build.0 = Debug|Any CPU
		{319E151C-8F33-49E7-81C9-30F02F9BA90A}.NightlyDebug|Any CPU.ActiveCfg = NightlyDebug|Any CPU
		{319E151C-8F33-49E7-81C9-30F02F9BA90A}.NightlyDebug|Any CPU.Build.0 = NightlyDebug|Any CPU
		{319E151C-8F33-49E7-81C9-30F02F9BA90A}.NightlyRelease|Any CPU.ActiveCfg = NightlyRelease|Any CPU
		{319E151C-8F33-49E7-81C9-30F02F9BA90A}.NightlyRelease|Any CPU.Build.0 = NightlyRelease|Any CPU
		{319E151C-8F33-49E7-81C9-30F02F9BA90A}.Release|Any CPU.ActiveCfg = Release|Any CPU
		{319E151C-8F33-49E7-81C9-30F02F9BA90A}.Release|Any CPU.Build.0 = Release|Any CPU
		{4B0054FD-124A-4037-9965-BDB55E6BF389}.CompilerOnly|Any CPU.ActiveCfg = CompilerOnly|Any CPU
		{4B0054FD-124A-4037-9965-BDB55E6BF389}.CompilerOnly|Any CPU.Build.0 = CompilerOnly|Any CPU
		{4B0054FD-124A-4037-9965-BDB55E6BF389}.Debug|Any CPU.ActiveCfg = Debug|Any CPU
		{4B0054FD-124A-4037-9965-BDB55E6BF389}.Debug|Any CPU.Build.0 = Debug|Any CPU
		{4B0054FD-124A-4037-9965-BDB55E6BF389}.NightlyDebug|Any CPU.ActiveCfg = Debug|Any CPU
		{4B0054FD-124A-4037-9965-BDB55E6BF389}.NightlyDebug|Any CPU.Build.0 = Debug|Any CPU
		{4B0054FD-124A-4037-9965-BDB55E6BF389}.NightlyRelease|Any CPU.ActiveCfg = Release|Any CPU
		{4B0054FD-124A-4037-9965-BDB55E6BF389}.NightlyRelease|Any CPU.Build.0 = Release|Any CPU
		{4B0054FD-124A-4037-9965-BDB55E6BF389}.Release|Any CPU.ActiveCfg = Release|Any CPU
		{4B0054FD-124A-4037-9965-BDB55E6BF389}.Release|Any CPU.Build.0 = Release|Any CPU
		{08156C78-403A-4112-AD81-8646AC51CD2F}.CompilerOnly|Any CPU.ActiveCfg = CompilerOnly|Any CPU
		{08156C78-403A-4112-AD81-8646AC51CD2F}.CompilerOnly|Any CPU.Build.0 = CompilerOnly|Any CPU
		{08156C78-403A-4112-AD81-8646AC51CD2F}.Debug|Any CPU.ActiveCfg = Debug|Any CPU
		{08156C78-403A-4112-AD81-8646AC51CD2F}.Debug|Any CPU.Build.0 = Debug|Any CPU
		{08156C78-403A-4112-AD81-8646AC51CD2F}.NightlyDebug|Any CPU.ActiveCfg = Debug|Any CPU
		{08156C78-403A-4112-AD81-8646AC51CD2F}.NightlyDebug|Any CPU.Build.0 = Debug|Any CPU
		{08156C78-403A-4112-AD81-8646AC51CD2F}.NightlyRelease|Any CPU.ActiveCfg = Release|Any CPU
		{08156C78-403A-4112-AD81-8646AC51CD2F}.NightlyRelease|Any CPU.Build.0 = Release|Any CPU
		{08156C78-403A-4112-AD81-8646AC51CD2F}.Release|Any CPU.ActiveCfg = Release|Any CPU
		{08156C78-403A-4112-AD81-8646AC51CD2F}.Release|Any CPU.Build.0 = Release|Any CPU
		{BFC43B0B-E1AC-417E-B0FC-1FE1F750A67A}.CompilerOnly|Any CPU.ActiveCfg = Release|Any CPU
		{BFC43B0B-E1AC-417E-B0FC-1FE1F750A67A}.CompilerOnly|Any CPU.Build.0 = Release|Any CPU
		{BFC43B0B-E1AC-417E-B0FC-1FE1F750A67A}.Debug|Any CPU.ActiveCfg = Debug|Any CPU
		{BFC43B0B-E1AC-417E-B0FC-1FE1F750A67A}.Debug|Any CPU.Build.0 = Debug|Any CPU
		{BFC43B0B-E1AC-417E-B0FC-1FE1F750A67A}.NightlyDebug|Any CPU.ActiveCfg = Debug|Any CPU
		{BFC43B0B-E1AC-417E-B0FC-1FE1F750A67A}.NightlyDebug|Any CPU.Build.0 = Debug|Any CPU
		{BFC43B0B-E1AC-417E-B0FC-1FE1F750A67A}.NightlyRelease|Any CPU.ActiveCfg = Release|Any CPU
		{BFC43B0B-E1AC-417E-B0FC-1FE1F750A67A}.NightlyRelease|Any CPU.Build.0 = Release|Any CPU
		{BFC43B0B-E1AC-417E-B0FC-1FE1F750A67A}.Release|Any CPU.ActiveCfg = Release|Any CPU
		{BFC43B0B-E1AC-417E-B0FC-1FE1F750A67A}.Release|Any CPU.Build.0 = Release|Any CPU
	EndGlobalSection
	GlobalSection(SolutionProperties) = preSolution
		HideSolutionNode = FALSE
	EndGlobalSection
	GlobalSection(NestedProjects) = preSolution
		{A6A31B03-7C3D-4DE6-AA73-BE88116BC40A} = {D9B67FB7-12EE-45A9-B432-5D301BBC60E1}
		{304A8B0B-851B-4AA6-A17D-5F87F39C5E5C} = {D9B67FB7-12EE-45A9-B432-5D301BBC60E1}
		{6D83F687-ABB5-40B3-915E-CA53DA0EB7F3} = {D9B67FB7-12EE-45A9-B432-5D301BBC60E1}
		{34B9A0CE-DF18-4CBC-8F7A-90C2B74338D5} = {D9B67FB7-12EE-45A9-B432-5D301BBC60E1}
		{4A34A3C5-6176-49D7-A4C5-B2B671247F8F} = {D9B67FB7-12EE-45A9-B432-5D301BBC60E1}
		{33CAB640-0D03-43DF-81BD-22CDC6C0A597} = {D9B67FB7-12EE-45A9-B432-5D301BBC60E1}
		{319E151C-8F33-49E7-81C9-30F02F9BA90A} = {D9B67FB7-12EE-45A9-B432-5D301BBC60E1}
		{4B0054FD-124A-4037-9965-BDB55E6BF389} = {D9B67FB7-12EE-45A9-B432-5D301BBC60E1}
		{08156C78-403A-4112-AD81-8646AC51CD2F} = {D9B67FB7-12EE-45A9-B432-5D301BBC60E1}
		{BFC43B0B-E1AC-417E-B0FC-1FE1F750A67A} = {6E4A3047-0324-41BB-8AF6-7B0288C44ACA}
	EndGlobalSection
EndGlobal
