
Microsoft Visual Studio Solution File, Format Version 11.00
# Visual Studio 2010
Project("{2150E333-8FDC-42A3-9474-1A3956D46DE8}") = "SharedObjects", "SharedObjects", "{94789D90-969C-4F98-AE12-43D50E265E96}"
EndProject
Project("{FAE04EC0-301F-11D3-BF4B-00C04F79EFBC}") = "Utilities.Javascript", "Utilities.Javascript\Utilities.Javascript.csproj", "{52C4B9D1-8AD4-4082-9459-2C59060E39E7}"
EndProject
Project("{FAE04EC0-301F-11D3-BF4B-00C04F79EFBC}") = "Core.Javascript", "Core.Javascript\Core.Javascript.csproj", "{92187333-7A0F-4F7F-9694-97502E3A6C99}"
EndProject
Project("{FAE04EC0-301F-11D3-BF4B-00C04F79EFBC}") = "EventLink.Client.Javascript", "EventLink.Client.Javascript\EventLink.Client.Javascript.csproj", "{0C25D915-B450-415F-A6D1-F87078EE5B0B}"
EndProject
Project("{FAE04EC0-301F-11D3-BF4B-00C04F79EFBC}") = "EventLink.Test.Javascript", "EventLink.Test.Javascript\EventLink.Test.Javascript.csproj", "{35FBE409-5870-4F72-87E0-C78644D2F819}"
EndProject
Project("{FAE04EC0-301F-11D3-BF4B-00C04F79EFBC}") = "Client.Javascript", "Client.Javascript\Client.Javascript.csproj", "{E4E4BC24-B0E5-4BEA-9DE5-4D56784C2F67}"
EndProject
Global
	GlobalSection(SolutionConfigurationPlatforms) = preSolution
		Debug - NoTest|Any CPU = Debug - NoTest|Any CPU
		Debug - NoTest|Collecting = Debug - NoTest|Collecting
		Debug - NoTest|Mixed Platforms = Debug - NoTest|Mixed Platforms
		Debug - NoTest|Plain = Debug - NoTest|Plain
		Debug - NoTest|Traced = Debug - NoTest|Traced
		Debug|Any CPU = Debug|Any CPU
		Debug|Collecting = Debug|Collecting
		Debug|Mixed Platforms = Debug|Mixed Platforms
		Debug|Plain = Debug|Plain
		Debug|Traced = Debug|Traced
		Release|Any CPU = Release|Any CPU
		Release|Collecting = Release|Collecting
		Release|Mixed Platforms = Release|Mixed Platforms
		Release|Plain = Release|Plain
		Release|Traced = Release|Traced
	EndGlobalSection
	GlobalSection(ProjectConfigurationPlatforms) = postSolution
		{52C4B9D1-8AD4-4082-9459-2C59060E39E7}.Debug - NoTest|Any CPU.ActiveCfg = Debug|Traced
		{52C4B9D1-8AD4-4082-9459-2C59060E39E7}.Debug - NoTest|Collecting.ActiveCfg = Debug|Traced
		{52C4B9D1-8AD4-4082-9459-2C59060E39E7}.Debug - NoTest|Mixed Platforms.ActiveCfg = Debug|Traced
		{52C4B9D1-8AD4-4082-9459-2C59060E39E7}.Debug - NoTest|Mixed Platforms.Build.0 = Debug|Traced
		{52C4B9D1-8AD4-4082-9459-2C59060E39E7}.Debug - NoTest|Plain.ActiveCfg = Debug|Traced
		{52C4B9D1-8AD4-4082-9459-2C59060E39E7}.Debug - NoTest|Traced.ActiveCfg = Debug|Traced
		{52C4B9D1-8AD4-4082-9459-2C59060E39E7}.Debug - NoTest|Traced.Build.0 = Debug|Traced
		{52C4B9D1-8AD4-4082-9459-2C59060E39E7}.Debug|Any CPU.ActiveCfg = Debug|Traced
		{52C4B9D1-8AD4-4082-9459-2C59060E39E7}.Debug|Collecting.ActiveCfg = Debug|Collecting
		{52C4B9D1-8AD4-4082-9459-2C59060E39E7}.Debug|Collecting.Build.0 = Debug|Collecting
		{52C4B9D1-8AD4-4082-9459-2C59060E39E7}.Debug|Mixed Platforms.ActiveCfg = Debug|Traced
		{52C4B9D1-8AD4-4082-9459-2C59060E39E7}.Debug|Mixed Platforms.Build.0 = Debug|Traced
		{52C4B9D1-8AD4-4082-9459-2C59060E39E7}.Debug|Plain.ActiveCfg = Debug|Plain
		{52C4B9D1-8AD4-4082-9459-2C59060E39E7}.Debug|Plain.Build.0 = Debug|Plain
		{52C4B9D1-8AD4-4082-9459-2C59060E39E7}.Debug|Traced.ActiveCfg = Debug|Traced
		{52C4B9D1-8AD4-4082-9459-2C59060E39E7}.Debug|Traced.Build.0 = Debug|Traced
		{52C4B9D1-8AD4-4082-9459-2C59060E39E7}.Release|Any CPU.ActiveCfg = Release|Traced
		{52C4B9D1-8AD4-4082-9459-2C59060E39E7}.Release|Collecting.ActiveCfg = Release|Collecting
		{52C4B9D1-8AD4-4082-9459-2C59060E39E7}.Release|Collecting.Build.0 = Release|Collecting
		{52C4B9D1-8AD4-4082-9459-2C59060E39E7}.Release|Mixed Platforms.ActiveCfg = Release|Traced
		{52C4B9D1-8AD4-4082-9459-2C59060E39E7}.Release|Mixed Platforms.Build.0 = Release|Traced
		{52C4B9D1-8AD4-4082-9459-2C59060E39E7}.Release|Plain.ActiveCfg = Release|Plain
		{52C4B9D1-8AD4-4082-9459-2C59060E39E7}.Release|Plain.Build.0 = Release|Plain
		{52C4B9D1-8AD4-4082-9459-2C59060E39E7}.Release|Traced.ActiveCfg = Release|Traced
		{52C4B9D1-8AD4-4082-9459-2C59060E39E7}.Release|Traced.Build.0 = Release|Traced
		{92187333-7A0F-4F7F-9694-97502E3A6C99}.Debug - NoTest|Any CPU.ActiveCfg = Debug|Traced
		{92187333-7A0F-4F7F-9694-97502E3A6C99}.Debug - NoTest|Collecting.ActiveCfg = Debug|Traced
		{92187333-7A0F-4F7F-9694-97502E3A6C99}.Debug - NoTest|Mixed Platforms.ActiveCfg = Debug|Traced
		{92187333-7A0F-4F7F-9694-97502E3A6C99}.Debug - NoTest|Mixed Platforms.Build.0 = Debug|Traced
		{92187333-7A0F-4F7F-9694-97502E3A6C99}.Debug - NoTest|Plain.ActiveCfg = Debug|Traced
		{92187333-7A0F-4F7F-9694-97502E3A6C99}.Debug - NoTest|Traced.ActiveCfg = Debug|Traced
		{92187333-7A0F-4F7F-9694-97502E3A6C99}.Debug - NoTest|Traced.Build.0 = Debug|Traced
		{92187333-7A0F-4F7F-9694-97502E3A6C99}.Debug|Any CPU.ActiveCfg = Debug|Traced
		{92187333-7A0F-4F7F-9694-97502E3A6C99}.Debug|Collecting.ActiveCfg = Debug|Collecting
		{92187333-7A0F-4F7F-9694-97502E3A6C99}.Debug|Collecting.Build.0 = Debug|Collecting
		{92187333-7A0F-4F7F-9694-97502E3A6C99}.Debug|Mixed Platforms.ActiveCfg = Debug|Traced
		{92187333-7A0F-4F7F-9694-97502E3A6C99}.Debug|Mixed Platforms.Build.0 = Debug|Traced
		{92187333-7A0F-4F7F-9694-97502E3A6C99}.Debug|Plain.ActiveCfg = Debug|Plain
		{92187333-7A0F-4F7F-9694-97502E3A6C99}.Debug|Plain.Build.0 = Debug|Plain
		{92187333-7A0F-4F7F-9694-97502E3A6C99}.Debug|Traced.ActiveCfg = Debug|Traced
		{92187333-7A0F-4F7F-9694-97502E3A6C99}.Debug|Traced.Build.0 = Debug|Traced
		{92187333-7A0F-4F7F-9694-97502E3A6C99}.Release|Any CPU.ActiveCfg = Release|Traced
		{92187333-7A0F-4F7F-9694-97502E3A6C99}.Release|Collecting.ActiveCfg = Release|Collecting
		{92187333-7A0F-4F7F-9694-97502E3A6C99}.Release|Collecting.Build.0 = Release|Collecting
		{92187333-7A0F-4F7F-9694-97502E3A6C99}.Release|Mixed Platforms.ActiveCfg = Release|Traced
		{92187333-7A0F-4F7F-9694-97502E3A6C99}.Release|Mixed Platforms.Build.0 = Release|Traced
		{92187333-7A0F-4F7F-9694-97502E3A6C99}.Release|Plain.ActiveCfg = Release|Plain
		{92187333-7A0F-4F7F-9694-97502E3A6C99}.Release|Plain.Build.0 = Release|Plain
		{92187333-7A0F-4F7F-9694-97502E3A6C99}.Release|Traced.ActiveCfg = Release|Traced
		{92187333-7A0F-4F7F-9694-97502E3A6C99}.Release|Traced.Build.0 = Release|Traced
		{0C25D915-B450-415F-A6D1-F87078EE5B0B}.Debug - NoTest|Any CPU.ActiveCfg = Debug|Traced
		{0C25D915-B450-415F-A6D1-F87078EE5B0B}.Debug - NoTest|Collecting.ActiveCfg = Debug|Traced
		{0C25D915-B450-415F-A6D1-F87078EE5B0B}.Debug - NoTest|Mixed Platforms.ActiveCfg = Debug|Traced
		{0C25D915-B450-415F-A6D1-F87078EE5B0B}.Debug - NoTest|Mixed Platforms.Build.0 = Debug|Traced
		{0C25D915-B450-415F-A6D1-F87078EE5B0B}.Debug - NoTest|Plain.ActiveCfg = Debug|Traced
		{0C25D915-B450-415F-A6D1-F87078EE5B0B}.Debug - NoTest|Traced.ActiveCfg = Debug|Traced
		{0C25D915-B450-415F-A6D1-F87078EE5B0B}.Debug - NoTest|Traced.Build.0 = Debug|Traced
		{0C25D915-B450-415F-A6D1-F87078EE5B0B}.Debug|Any CPU.ActiveCfg = Debug|Traced
		{0C25D915-B450-415F-A6D1-F87078EE5B0B}.Debug|Collecting.ActiveCfg = Debug|Collecting
		{0C25D915-B450-415F-A6D1-F87078EE5B0B}.Debug|Collecting.Build.0 = Debug|Collecting
		{0C25D915-B450-415F-A6D1-F87078EE5B0B}.Debug|Mixed Platforms.ActiveCfg = Debug|Traced
		{0C25D915-B450-415F-A6D1-F87078EE5B0B}.Debug|Mixed Platforms.Build.0 = Debug|Traced
		{0C25D915-B450-415F-A6D1-F87078EE5B0B}.Debug|Plain.ActiveCfg = Debug|Plain
		{0C25D915-B450-415F-A6D1-F87078EE5B0B}.Debug|Plain.Build.0 = Debug|Plain
		{0C25D915-B450-415F-A6D1-F87078EE5B0B}.Debug|Traced.ActiveCfg = Debug|Traced
		{0C25D915-B450-415F-A6D1-F87078EE5B0B}.Debug|Traced.Build.0 = Debug|Traced
		{0C25D915-B450-415F-A6D1-F87078EE5B0B}.Release|Any CPU.ActiveCfg = Release|Traced
		{0C25D915-B450-415F-A6D1-F87078EE5B0B}.Release|Collecting.ActiveCfg = Release|Collecting
		{0C25D915-B450-415F-A6D1-F87078EE5B0B}.Release|Collecting.Build.0 = Release|Collecting
		{0C25D915-B450-415F-A6D1-F87078EE5B0B}.Release|Mixed Platforms.ActiveCfg = Release|Traced
		{0C25D915-B450-415F-A6D1-F87078EE5B0B}.Release|Mixed Platforms.Build.0 = Release|Traced
		{0C25D915-B450-415F-A6D1-F87078EE5B0B}.Release|Plain.ActiveCfg = Release|Plain
		{0C25D915-B450-415F-A6D1-F87078EE5B0B}.Release|Plain.Build.0 = Release|Plain
		{0C25D915-B450-415F-A6D1-F87078EE5B0B}.Release|Traced.ActiveCfg = Release|Traced
		{0C25D915-B450-415F-A6D1-F87078EE5B0B}.Release|Traced.Build.0 = Release|Traced
		{35FBE409-5870-4F72-87E0-C78644D2F819}.Debug - NoTest|Any CPU.ActiveCfg = Debug|Traced
		{35FBE409-5870-4F72-87E0-C78644D2F819}.Debug - NoTest|Collecting.ActiveCfg = Debug|Traced
		{35FBE409-5870-4F72-87E0-C78644D2F819}.Debug - NoTest|Mixed Platforms.ActiveCfg = Debug|Traced
		{35FBE409-5870-4F72-87E0-C78644D2F819}.Debug - NoTest|Mixed Platforms.Build.0 = Debug|Traced
		{35FBE409-5870-4F72-87E0-C78644D2F819}.Debug - NoTest|Plain.ActiveCfg = Debug|Traced
		{35FBE409-5870-4F72-87E0-C78644D2F819}.Debug - NoTest|Traced.ActiveCfg = Debug|Traced
		{35FBE409-5870-4F72-87E0-C78644D2F819}.Debug - NoTest|Traced.Build.0 = Debug|Traced
		{35FBE409-5870-4F72-87E0-C78644D2F819}.Debug|Any CPU.ActiveCfg = Debug|Traced
		{35FBE409-5870-4F72-87E0-C78644D2F819}.Debug|Collecting.ActiveCfg = Debug|Collecting
		{35FBE409-5870-4F72-87E0-C78644D2F819}.Debug|Collecting.Build.0 = Debug|Collecting
		{35FBE409-5870-4F72-87E0-C78644D2F819}.Debug|Mixed Platforms.ActiveCfg = Debug|Traced
		{35FBE409-5870-4F72-87E0-C78644D2F819}.Debug|Mixed Platforms.Build.0 = Debug|Traced
		{35FBE409-5870-4F72-87E0-C78644D2F819}.Debug|Plain.ActiveCfg = Debug|Plain
		{35FBE409-5870-4F72-87E0-C78644D2F819}.Debug|Plain.Build.0 = Debug|Plain
		{35FBE409-5870-4F72-87E0-C78644D2F819}.Debug|Traced.ActiveCfg = Debug|Traced
		{35FBE409-5870-4F72-87E0-C78644D2F819}.Debug|Traced.Build.0 = Debug|Traced
		{35FBE409-5870-4F72-87E0-C78644D2F819}.Release|Any CPU.ActiveCfg = Release|Traced
		{35FBE409-5870-4F72-87E0-C78644D2F819}.Release|Collecting.ActiveCfg = Release|Collecting
		{35FBE409-5870-4F72-87E0-C78644D2F819}.Release|Collecting.Build.0 = Release|Collecting
		{35FBE409-5870-4F72-87E0-C78644D2F819}.Release|Mixed Platforms.ActiveCfg = Release|Traced
		{35FBE409-5870-4F72-87E0-C78644D2F819}.Release|Mixed Platforms.Build.0 = Release|Traced
		{35FBE409-5870-4F72-87E0-C78644D2F819}.Release|Plain.ActiveCfg = Release|Plain
		{35FBE409-5870-4F72-87E0-C78644D2F819}.Release|Plain.Build.0 = Release|Plain
		{35FBE409-5870-4F72-87E0-C78644D2F819}.Release|Traced.ActiveCfg = Release|Traced
		{35FBE409-5870-4F72-87E0-C78644D2F819}.Release|Traced.Build.0 = Release|Traced
		{E4E4BC24-B0E5-4BEA-9DE5-4D56784C2F67}.Debug - NoTest|Any CPU.ActiveCfg = Debug|Traced
		{E4E4BC24-B0E5-4BEA-9DE5-4D56784C2F67}.Debug - NoTest|Collecting.ActiveCfg = Debug|Traced
		{E4E4BC24-B0E5-4BEA-9DE5-4D56784C2F67}.Debug - NoTest|Mixed Platforms.ActiveCfg = Debug|Traced
		{E4E4BC24-B0E5-4BEA-9DE5-4D56784C2F67}.Debug - NoTest|Mixed Platforms.Build.0 = Debug|Traced
		{E4E4BC24-B0E5-4BEA-9DE5-4D56784C2F67}.Debug - NoTest|Plain.ActiveCfg = Debug|Traced
		{E4E4BC24-B0E5-4BEA-9DE5-4D56784C2F67}.Debug - NoTest|Traced.ActiveCfg = Debug|Traced
		{E4E4BC24-B0E5-4BEA-9DE5-4D56784C2F67}.Debug - NoTest|Traced.Build.0 = Debug|Traced
		{E4E4BC24-B0E5-4BEA-9DE5-4D56784C2F67}.Debug|Any CPU.ActiveCfg = Debug|Traced
		{E4E4BC24-B0E5-4BEA-9DE5-4D56784C2F67}.Debug|Collecting.ActiveCfg = Debug|Collecting
		{E4E4BC24-B0E5-4BEA-9DE5-4D56784C2F67}.Debug|Collecting.Build.0 = Debug|Collecting
		{E4E4BC24-B0E5-4BEA-9DE5-4D56784C2F67}.Debug|Mixed Platforms.ActiveCfg = Debug|Traced
		{E4E4BC24-B0E5-4BEA-9DE5-4D56784C2F67}.Debug|Mixed Platforms.Build.0 = Debug|Traced
		{E4E4BC24-B0E5-4BEA-9DE5-4D56784C2F67}.Debug|Plain.ActiveCfg = Debug|Plain
		{E4E4BC24-B0E5-4BEA-9DE5-4D56784C2F67}.Debug|Plain.Build.0 = Debug|Plain
		{E4E4BC24-B0E5-4BEA-9DE5-4D56784C2F67}.Debug|Traced.ActiveCfg = Debug|Traced
		{E4E4BC24-B0E5-4BEA-9DE5-4D56784C2F67}.Debug|Traced.Build.0 = Debug|Traced
		{E4E4BC24-B0E5-4BEA-9DE5-4D56784C2F67}.Release|Any CPU.ActiveCfg = Release|Traced
		{E4E4BC24-B0E5-4BEA-9DE5-4D56784C2F67}.Release|Collecting.ActiveCfg = Release|Collecting
		{E4E4BC24-B0E5-4BEA-9DE5-4D56784C2F67}.Release|Collecting.Build.0 = Release|Collecting
		{E4E4BC24-B0E5-4BEA-9DE5-4D56784C2F67}.Release|Mixed Platforms.ActiveCfg = Release|Traced
		{E4E4BC24-B0E5-4BEA-9DE5-4D56784C2F67}.Release|Mixed Platforms.Build.0 = Release|Traced
		{E4E4BC24-B0E5-4BEA-9DE5-4D56784C2F67}.Release|Plain.ActiveCfg = Release|Plain
		{E4E4BC24-B0E5-4BEA-9DE5-4D56784C2F67}.Release|Plain.Build.0 = Release|Plain
		{E4E4BC24-B0E5-4BEA-9DE5-4D56784C2F67}.Release|Traced.ActiveCfg = Release|Traced
		{E4E4BC24-B0E5-4BEA-9DE5-4D56784C2F67}.Release|Traced.Build.0 = Release|Traced
	EndGlobalSection
	GlobalSection(SolutionProperties) = preSolution
		HideSolutionNode = FALSE
	EndGlobalSection
	GlobalSection(NestedProjects) = preSolution
		{52C4B9D1-8AD4-4082-9459-2C59060E39E7} = {94789D90-969C-4F98-AE12-43D50E265E96}
		{92187333-7A0F-4F7F-9694-97502E3A6C99} = {94789D90-969C-4F98-AE12-43D50E265E96}
		{0C25D915-B450-415F-A6D1-F87078EE5B0B} = {94789D90-969C-4F98-AE12-43D50E265E96}
		{35FBE409-5870-4F72-87E0-C78644D2F819} = {94789D90-969C-4F98-AE12-43D50E265E96}
		{E4E4BC24-B0E5-4BEA-9DE5-4D56784C2F67} = {94789D90-969C-4F98-AE12-43D50E265E96}
	EndGlobalSection
EndGlobal
